
Microsoft Visual Studio Solution File, Format Version 12.00
# Visual Studio 15
VisualStudioVersion = 15.0.28307.168
MinimumVisualStudioVersion = 10.0.40219.1
Project("{F184B08F-C81C-45F6-A57F-5ABD9991F28F}") = "ConsoleApp4", "ConsoleApp4\ConsoleApp4.vbproj", "{74A6A2D1-7726-48BC-A49B-2887F16BD337}"
EndProject
Global
	GlobalSection(SolutionConfigurationPlatforms) = preSolution
		Debug|Any CPU = Debug|Any CPU
		Release|Any CPU = Release|Any CPU
	EndGlobalSection
	GlobalSection(ProjectConfigurationPlatforms) = postSolution
		{74A6A2D1-7726-48BC-A49B-2887F16BD337}.Debug|Any CPU.ActiveCfg = Debug|Any CPU
		{74A6A2D1-7726-48BC-A49B-2887F16BD337}.Debug|Any CPU.Build.0 = Debug|Any CPU
		{74A6A2D1-7726-48BC-A49B-2887F16BD337}.Release|Any CPU.ActiveCfg = Release|Any CPU
		{74A6A2D1-7726-48BC-A49B-2887F16BD337}.Release|Any CPU.Build.0 = Release|Any CPU
	EndGlobalSection
	GlobalSection(SolutionProperties) = preSolution
		HideSolutionNode = FALSE
	EndGlobalSection
	GlobalSection(ExtensibilityGlobals) = postSolution
		SolutionGuid = {886F767E-B426-4D05-8ED6-7F8EB6061CDB}
	EndGlobalSection
EndGlobal
